
Microsoft Visual Studio Solution File, Format Version 11.00
# Visual Studio 2010
Project("{8BC9CEB8-8B4A-11D0-8D11-00A0C91BC942}") = "gtest", "gtest\gtest.vcxproj", "{8AB65191-ED15-4773-8EE1-5FB231F77451}"
EndProject
Project("{8BC9CEB8-8B4A-11D0-8D11-00A0C91BC942}") = "d-heap", "d-heap\d-heap.vcxproj", "{284F19E3-51A4-4031-89BB-5B7ECF5514D2}"
EndProject
Project("{8BC9CEB8-8B4A-11D0-8D11-00A0C91BC942}") = "set", "set\set.vcxproj", "{46F419F2-B3BC-4739-92F8-A95561D1CFE5}"
EndProject
Project("{8BC9CEB8-8B4A-11D0-8D11-00A0C91BC942}") = "bs_tree", "bs_tree\bs_tree.vcxproj", "{00C254E7-A6D0-4F9A-8D8B-63AA35F1DBC2}"
EndProject
Project("{8BC9CEB8-8B4A-11D0-8D11-00A0C91BC942}") = "table", "table\table.vcxproj", "{8C606A6E-9BB8-4291-9379-A8B14415DDA1}"
EndProject
Project("{8BC9CEB8-8B4A-11D0-8D11-00A0C91BC942}") = "queue", "queue\queue.vcxproj", "{84BFECFE-0F29-4B4C-B190-C89E767EAA74}"
EndProject
Project("{8BC9CEB8-8B4A-11D0-8D11-00A0C91BC942}") = "tests", "tests\tests.vcxproj", "{36E1E706-0D60-48AE-8C1B-8E5ACFC6D4F3}"
	ProjectSection(ProjectDependencies) = postProject
		{82307623-9A6D-48C2-B487-6833F506E86B} = {82307623-9A6D-48C2-B487-6833F506E86B}
		{C94C2952-F11D-4F9C-ADF9-A0A531E82D19} = {C94C2952-F11D-4F9C-ADF9-A0A531E82D19}
		{8C606A6E-9BB8-4291-9379-A8B14415DDA1} = {8C606A6E-9BB8-4291-9379-A8B14415DDA1}
		{8AB65191-ED15-4773-8EE1-5FB231F77451} = {8AB65191-ED15-4773-8EE1-5FB231F77451}
		{284F19E3-51A4-4031-89BB-5B7ECF5514D2} = {284F19E3-51A4-4031-89BB-5B7ECF5514D2}
		{00C254E7-A6D0-4F9A-8D8B-63AA35F1DBC2} = {00C254E7-A6D0-4F9A-8D8B-63AA35F1DBC2}
		{46F419F2-B3BC-4739-92F8-A95561D1CFE5} = {46F419F2-B3BC-4739-92F8-A95561D1CFE5}
		{84BFECFE-0F29-4B4C-B190-C89E767EAA74} = {84BFECFE-0F29-4B4C-B190-C89E767EAA74}
	EndProjectSection
EndProject
Project("{8BC9CEB8-8B4A-11D0-8D11-00A0C91BC942}") = "Kruskal", "Kruskal\Kruskal.vcxproj", "{C3EC489F-AEC8-4E9D-AAE1-74AB0C40D63D}"
	ProjectSection(ProjectDependencies) = postProject
		{82307623-9A6D-48C2-B487-6833F506E86B} = {82307623-9A6D-48C2-B487-6833F506E86B}
		{C94C2952-F11D-4F9C-ADF9-A0A531E82D19} = {C94C2952-F11D-4F9C-ADF9-A0A531E82D19}
		{8C606A6E-9BB8-4291-9379-A8B14415DDA1} = {8C606A6E-9BB8-4291-9379-A8B14415DDA1}
		{284F19E3-51A4-4031-89BB-5B7ECF5514D2} = {284F19E3-51A4-4031-89BB-5B7ECF5514D2}
		{00C254E7-A6D0-4F9A-8D8B-63AA35F1DBC2} = {00C254E7-A6D0-4F9A-8D8B-63AA35F1DBC2}
		{46F419F2-B3BC-4739-92F8-A95561D1CFE5} = {46F419F2-B3BC-4739-92F8-A95561D1CFE5}
		{84BFECFE-0F29-4B4C-B190-C89E767EAA74} = {84BFECFE-0F29-4B4C-B190-C89E767EAA74}
	EndProjectSection
EndProject
Project("{8BC9CEB8-8B4A-11D0-8D11-00A0C91BC942}") = "Dijkstr", "Dijkstr\Dijkstr.vcxproj", "{1B900A47-3370-4BB8-B8D3-EA2B3CD22FE4}"
	ProjectSection(ProjectDependencies) = postProject
		{82307623-9A6D-48C2-B487-6833F506E86B} = {82307623-9A6D-48C2-B487-6833F506E86B}
		{C94C2952-F11D-4F9C-ADF9-A0A531E82D19} = {C94C2952-F11D-4F9C-ADF9-A0A531E82D19}
		{8C606A6E-9BB8-4291-9379-A8B14415DDA1} = {8C606A6E-9BB8-4291-9379-A8B14415DDA1}
		{284F19E3-51A4-4031-89BB-5B7ECF5514D2} = {284F19E3-51A4-4031-89BB-5B7ECF5514D2}
		{00C254E7-A6D0-4F9A-8D8B-63AA35F1DBC2} = {00C254E7-A6D0-4F9A-8D8B-63AA35F1DBC2}
		{46F419F2-B3BC-4739-92F8-A95561D1CFE5} = {46F419F2-B3BC-4739-92F8-A95561D1CFE5}
		{84BFECFE-0F29-4B4C-B190-C89E767EAA74} = {84BFECFE-0F29-4B4C-B190-C89E767EAA74}
	EndProjectSection
EndProject
Project("{8BC9CEB8-8B4A-11D0-8D11-00A0C91BC942}") = "sampl_sort", "sampl_sort\sampl_sort.vcxproj", "{4CD9C719-BC7E-4302-9AFB-A2CDC6B4893F}"
	ProjectSection(ProjectDependencies) = postProject
		{284F19E3-51A4-4031-89BB-5B7ECF5514D2} = {284F19E3-51A4-4031-89BB-5B7ECF5514D2}
	EndProjectSection
EndProject
Project("{8BC9CEB8-8B4A-11D0-8D11-00A0C91BC942}") = "graph", "graph\graph.vcxproj", "{82307623-9A6D-48C2-B487-6833F506E86B}"
EndProject
Project("{8BC9CEB8-8B4A-11D0-8D11-00A0C91BC942}") = "algoritm", "algoritm\algoritm.vcxproj", "{C94C2952-F11D-4F9C-ADF9-A0A531E82D19}"
	ProjectSection(ProjectDependencies) = postProject
		{82307623-9A6D-48C2-B487-6833F506E86B} = {82307623-9A6D-48C2-B487-6833F506E86B}
		{8C606A6E-9BB8-4291-9379-A8B14415DDA1} = {8C606A6E-9BB8-4291-9379-A8B14415DDA1}
		{284F19E3-51A4-4031-89BB-5B7ECF5514D2} = {284F19E3-51A4-4031-89BB-5B7ECF5514D2}
		{00C254E7-A6D0-4F9A-8D8B-63AA35F1DBC2} = {00C254E7-A6D0-4F9A-8D8B-63AA35F1DBC2}
		{46F419F2-B3BC-4739-92F8-A95561D1CFE5} = {46F419F2-B3BC-4739-92F8-A95561D1CFE5}
		{84BFECFE-0F29-4B4C-B190-C89E767EAA74} = {84BFECFE-0F29-4B4C-B190-C89E767EAA74}
	EndProjectSection
EndProject
Global
	GlobalSection(SolutionConfigurationPlatforms) = preSolution
		Debug|Win32 = Debug|Win32
		Release|Win32 = Release|Win32
	EndGlobalSection
	GlobalSection(ProjectConfigurationPlatforms) = postSolution
		{8AB65191-ED15-4773-8EE1-5FB231F77451}.Debug|Win32.ActiveCfg = Debug|Win32
		{8AB65191-ED15-4773-8EE1-5FB231F77451}.Debug|Win32.Build.0 = Debug|Win32
		{8AB65191-ED15-4773-8EE1-5FB231F77451}.Release|Win32.ActiveCfg = Release|Win32
		{8AB65191-ED15-4773-8EE1-5FB231F77451}.Release|Win32.Build.0 = Release|Win32
		{284F19E3-51A4-4031-89BB-5B7ECF5514D2}.Debug|Win32.ActiveCfg = Debug|Win32
		{284F19E3-51A4-4031-89BB-5B7ECF5514D2}.Debug|Win32.Build.0 = Debug|Win32
		{284F19E3-51A4-4031-89BB-5B7ECF5514D2}.Release|Win32.ActiveCfg = Release|Win32
		{284F19E3-51A4-4031-89BB-5B7ECF5514D2}.Release|Win32.Build.0 = Release|Win32
		{46F419F2-B3BC-4739-92F8-A95561D1CFE5}.Debug|Win32.ActiveCfg = Debug|Win32
		{46F419F2-B3BC-4739-92F8-A95561D1CFE5}.Debug|Win32.Build.0 = Debug|Win32
		{46F419F2-B3BC-4739-92F8-A95561D1CFE5}.Release|Win32.ActiveCfg = Release|Win32
		{46F419F2-B3BC-4739-92F8-A95561D1CFE5}.Release|Win32.Build.0 = Release|Win32
		{00C254E7-A6D0-4F9A-8D8B-63AA35F1DBC2}.Debug|Win32.ActiveCfg = Debug|Win32
		{00C254E7-A6D0-4F9A-8D8B-63AA35F1DBC2}.Debug|Win32.Build.0 = Debug|Win32
		{00C254E7-A6D0-4F9A-8D8B-63AA35F1DBC2}.Release|Win32.ActiveCfg = Release|Win32
		{00C254E7-A6D0-4F9A-8D8B-63AA35F1DBC2}.Release|Win32.Build.0 = Release|Win32
		{8C606A6E-9BB8-4291-9379-A8B14415DDA1}.Debug|Win32.ActiveCfg = Debug|Win32
		{8C606A6E-9BB8-4291-9379-A8B14415DDA1}.Debug|Win32.Build.0 = Debug|Win32
		{8C606A6E-9BB8-4291-9379-A8B14415DDA1}.Release|Win32.ActiveCfg = Release|Win32
		{8C606A6E-9BB8-4291-9379-A8B14415DDA1}.Release|Win32.Build.0 = Release|Win32
		{84BFECFE-0F29-4B4C-B190-C89E767EAA74}.Debug|Win32.ActiveCfg = Debug|Win32
		{84BFECFE-0F29-4B4C-B190-C89E767EAA74}.Debug|Win32.Build.0 = Debug|Win32
		{84BFECFE-0F29-4B4C-B190-C89E767EAA74}.Release|Win32.ActiveCfg = Release|Win32
		{84BFECFE-0F29-4B4C-B190-C89E767EAA74}.Release|Win32.Build.0 = Release|Win32
		{36E1E706-0D60-48AE-8C1B-8E5ACFC6D4F3}.Debug|Win32.ActiveCfg = Debug|Win32
		{36E1E706-0D60-48AE-8C1B-8E5ACFC6D4F3}.Debug|Win32.Build.0 = Debug|Win32
		{36E1E706-0D60-48AE-8C1B-8E5ACFC6D4F3}.Release|Win32.ActiveCfg = Release|Win32
		{36E1E706-0D60-48AE-8C1B-8E5ACFC6D4F3}.Release|Win32.Build.0 = Release|Win32
		{C3EC489F-AEC8-4E9D-AAE1-74AB0C40D63D}.Debug|Win32.ActiveCfg = Debug|Win32
		{C3EC489F-AEC8-4E9D-AAE1-74AB0C40D63D}.Debug|Win32.Build.0 = Debug|Win32
		{C3EC489F-AEC8-4E9D-AAE1-74AB0C40D63D}.Release|Win32.ActiveCfg = Release|Win32
		{C3EC489F-AEC8-4E9D-AAE1-74AB0C40D63D}.Release|Win32.Build.0 = Release|Win32
		{1B900A47-3370-4BB8-B8D3-EA2B3CD22FE4}.Debug|Win32.ActiveCfg = Debug|Win32
		{1B900A47-3370-4BB8-B8D3-EA2B3CD22FE4}.Debug|Win32.Build.0 = Debug|Win32
		{1B900A47-3370-4BB8-B8D3-EA2B3CD22FE4}.Release|Win32.ActiveCfg = Release|Win32
		{1B900A47-3370-4BB8-B8D3-EA2B3CD22FE4}.Release|Win32.Build.0 = Release|Win32
		{4CD9C719-BC7E-4302-9AFB-A2CDC6B4893F}.Debug|Win32.ActiveCfg = Debug|Win32
		{4CD9C719-BC7E-4302-9AFB-A2CDC6B4893F}.Debug|Win32.Build.0 = Debug|Win32
		{4CD9C719-BC7E-4302-9AFB-A2CDC6B4893F}.Release|Win32.ActiveCfg = Release|Win32
		{4CD9C719-BC7E-4302-9AFB-A2CDC6B4893F}.Release|Win32.Build.0 = Release|Win32
		{82307623-9A6D-48C2-B487-6833F506E86B}.Debug|Win32.ActiveCfg = Debug|Win32
		{82307623-9A6D-48C2-B487-6833F506E86B}.Debug|Win32.Build.0 = Debug|Win32
		{82307623-9A6D-48C2-B487-6833F506E86B}.Release|Win32.ActiveCfg = Release|Win32
		{82307623-9A6D-48C2-B487-6833F506E86B}.Release|Win32.Build.0 = Release|Win32
		{C94C2952-F11D-4F9C-ADF9-A0A531E82D19}.Debug|Win32.ActiveCfg = Debug|Win32
		{C94C2952-F11D-4F9C-ADF9-A0A531E82D19}.Debug|Win32.Build.0 = Debug|Win32
		{C94C2952-F11D-4F9C-ADF9-A0A531E82D19}.Release|Win32.ActiveCfg = Release|Win32
		{C94C2952-F11D-4F9C-ADF9-A0A531E82D19}.Release|Win32.Build.0 = Release|Win32
	EndGlobalSection
	GlobalSection(SolutionProperties) = preSolution
		HideSolutionNode = FALSE
	EndGlobalSection
EndGlobal
